{
  "requires": true,
  "lockfileVersion": 1,
  "dependencies": {
    "van11y-accessible-tab-panel-aria": {
      "version": "2.0.4",
      "resolved": "https://registry.npmjs.org/van11y-accessible-tab-panel-aria/-/van11y-accessible-tab-panel-aria-2.0.4.tgz",
      "integrity": "sha512-HOxAxa8062+LN6g9oOzTvgo59CE/K/kIMu1gCluvByiGAGW+jhiM2FFrsxkaXtiUrftiVL+tqjd1SeoT9HRZ6w=="
    }
  }
}
