{
  "requires": true,
  "lockfileVersion": 1,
  "dependencies": {
    "van11y-accessible-modal-window-aria": {
      "version": "2.4.5",
      "resolved": "https://registry.npmjs.org/van11y-accessible-modal-window-aria/-/van11y-accessible-modal-window-aria-2.4.5.tgz",
      "integrity": "sha512-WeY5BbfjP/wleKrCDF+3Th6LUa9BIgh0K+pPNcAcNHI1IytOe5jes/QiHUq+IfV/VqmMC2rYMEjgjdMnP7KZuw=="
    }
  }
}
